{
  "requires": true,
  "lockfileVersion": 1,
  "dependencies": {
    "caf": {
      "version": "14.0.0",
      "resolved": "https://registry.npmjs.org/caf/-/caf-14.0.0.tgz",
      "integrity": "sha512-ujNdF0k9YoXz/MSxtqTtbf6dJJ0TtMVL2wyCQZFIHA9nsHIpFAM+JDsLT26xjl1olUKjWeO4FuMKT+1o/K4xRQ=="
    },
    "minimist": {
      "version": "1.2.5",
      "resolved": "https://registry.npmjs.org/minimist/-/minimist-1.2.5.tgz",
      "integrity": "sha512-FM9nNUYrRBAELZQT3xeZQ7fmMOBg6nWNmJKTcgsJeaLstP/UODVpGsr5OhXhhXg6f+qtJ8uiZ+PUxkDWcgIXLw=="
    }
  }
}
